// !$*UTF8*$!
{
	archiveVersion = 1;
	classes = {
	};
	objectVersion = 51;
	objects = {

/* Begin PBXBuildFile section */
		8F91296DC2D6F6F107862764 /* Pods_Daily_Weather.framework in Frameworks */ = {isa = PBXBuildFile; fileRef = 7A50CC589BEF5CB51D91D9DB /* Pods_Daily_Weather.framework */; };
		CB2181D025130C6900BB350C /* DateExtension.swift in Sources */ = {isa = PBXBuildFile; fileRef = CB2181CF25130C6900BB350C /* DateExtension.swift */; };
		CB22B47B24F89DF500D14FB8 /* WeatherData.swift in Sources */ = {isa = PBXBuildFile; fileRef = CB22B47A24F89DF500D14FB8 /* WeatherData.swift */; };
		CB22B47D24F89E0200D14FB8 /* LocationData.swift in Sources */ = {isa = PBXBuildFile; fileRef = CB22B47C24F89E0200D14FB8 /* LocationData.swift */; };
		CB22B47F24F89E1600D14FB8 /* CoordinateData.swift in Sources */ = {isa = PBXBuildFile; fileRef = CB22B47E24F89E1600D14FB8 /* CoordinateData.swift */; };
		CB2391AF24EB8F6600406091 /* HomeViewController.swift in Sources */ = {isa = PBXBuildFile; fileRef = CB2391AE24EB8F6600406091 /* HomeViewController.swift */; };
		CB349B44250881C100DE2DBD /* City.swift in Sources */ = {isa = PBXBuildFile; fileRef = CB349B3C250881C000DE2DBD /* City.swift */; };
		CB349B45250881C100DE2DBD /* FeelsLike.swift in Sources */ = {isa = PBXBuildFile; fileRef = CB349B3D250881C000DE2DBD /* FeelsLike.swift */; };
		CB349B46250881C100DE2DBD /* Daily.swift in Sources */ = {isa = PBXBuildFile; fileRef = CB349B3E250881C000DE2DBD /* Daily.swift */; };
		CB349B47250881C100DE2DBD /* Weather.swift in Sources */ = {isa = PBXBuildFile; fileRef = CB349B3F250881C000DE2DBD /* Weather.swift */; };
		CB349B48250881C100DE2DBD /* Current.swift in Sources */ = {isa = PBXBuildFile; fileRef = CB349B40250881C000DE2DBD /* Current.swift */; };
		CB349B49250881C100DE2DBD /* DataWeather.swift in Sources */ = {isa = PBXBuildFile; fileRef = CB349B41250881C000DE2DBD /* DataWeather.swift */; };
		CB349B4A250881C100DE2DBD /* Hourly.swift in Sources */ = {isa = PBXBuildFile; fileRef = CB349B42250881C100DE2DBD /* Hourly.swift */; };
		CB349B4B250881C100DE2DBD /* Temperature.swift in Sources */ = {isa = PBXBuildFile; fileRef = CB349B43250881C100DE2DBD /* Temperature.swift */; };
		CB349B4D250881DC00DE2DBD /* Coor.swift in Sources */ = {isa = PBXBuildFile; fileRef = CB349B4C250881DC00DE2DBD /* Coor.swift */; };
		CB3F511425071C25005A21B3 /* KeyApi.swift in Sources */ = {isa = PBXBuildFile; fileRef = CB3F511325071C25005A21B3 /* KeyApi.swift */; };
		CB41FB0224F8A9FF00BF9867 /* APIUrl.swift in Sources */ = {isa = PBXBuildFile; fileRef = CB41FB0124F8A9FF00BF9867 /* APIUrl.swift */; };
		CB66AF4B2508CD62004A94B7 /* HourlyTableViewCell.swift in Sources */ = {isa = PBXBuildFile; fileRef = CB66AF492508CD62004A94B7 /* HourlyTableViewCell.swift */; };
		CB66AF4C2508CD62004A94B7 /* HourlyTableViewCell.xib in Resources */ = {isa = PBXBuildFile; fileRef = CB66AF4A2508CD62004A94B7 /* HourlyTableViewCell.xib */; };
		CB66AF4F2508CD7F004A94B7 /* WeatherCollectionViewCell.swift in Sources */ = {isa = PBXBuildFile; fileRef = CB66AF4D2508CD7F004A94B7 /* WeatherCollectionViewCell.swift */; };
		CB66AF502508CD7F004A94B7 /* WeatherCollectionViewCell.xib in Resources */ = {isa = PBXBuildFile; fileRef = CB66AF4E2508CD7F004A94B7 /* WeatherCollectionViewCell.xib */; };
		CB68C4E3251B419A0039ADB0 /* TodayDetailTableViewCell.xib in Resources */ = {isa = PBXBuildFile; fileRef = CB68C4DB251B41990039ADB0 /* TodayDetailTableViewCell.xib */; };
		CB68C4E4251B419A0039ADB0 /* TodayDetailTableViewCell.swift in Sources */ = {isa = PBXBuildFile; fileRef = CB68C4DC251B41990039ADB0 /* TodayDetailTableViewCell.swift */; };
		CB68C4E5251B419A0039ADB0 /* WeatherTableViewCell.xib in Resources */ = {isa = PBXBuildFile; fileRef = CB68C4DE251B41990039ADB0 /* WeatherTableViewCell.xib */; };
		CB68C4E6251B419A0039ADB0 /* WeatherTableViewCell.swift in Sources */ = {isa = PBXBuildFile; fileRef = CB68C4DF251B41990039ADB0 /* WeatherTableViewCell.swift */; };
		CB68C4E7251B419A0039ADB0 /* TodayInformationTableViewCell.swift in Sources */ = {isa = PBXBuildFile; fileRef = CB68C4E1251B419A0039ADB0 /* TodayInformationTableViewCell.swift */; };
		CB68C4E8251B419A0039ADB0 /* TodayInformationTableViewCell.xib in Resources */ = {isa = PBXBuildFile; fileRef = CB68C4E2251B419A0039ADB0 /* TodayInformationTableViewCell.xib */; };
		CBBEC09F250F60410079427C /* ImageUrl.swift in Sources */ = {isa = PBXBuildFile; fileRef = CBBEC09E250F60410079427C /* ImageUrl.swift */; };
		CBC761A924EB806800060D7A /* AppDelegate.swift in Sources */ = {isa = PBXBuildFile; fileRef = CBC761A824EB806800060D7A /* AppDelegate.swift */; };
		CBC761AB24EB806800060D7A /* SceneDelegate.swift in Sources */ = {isa = PBXBuildFile; fileRef = CBC761AA24EB806800060D7A /* SceneDelegate.swift */; };
		CBC761B024EB806800060D7A /* Main.storyboard in Resources */ = {isa = PBXBuildFile; fileRef = CBC761AE24EB806800060D7A /* Main.storyboard */; };
		CBC761B224EB806900060D7A /* Assets.xcassets in Resources */ = {isa = PBXBuildFile; fileRef = CBC761B124EB806900060D7A /* Assets.xcassets */; };
		CBC761B524EB806900060D7A /* LaunchScreen.storyboard in Resources */ = {isa = PBXBuildFile; fileRef = CBC761B324EB806900060D7A /* LaunchScreen.storyboard */; };
		CBC761E624EB8B9700060D7A /* Home.storyboard in Resources */ = {isa = PBXBuildFile; fileRef = CBC761E524EB8B9700060D7A /* Home.storyboard */; };
		CBF83F45251C5BAB00BFD631 /* ListLocationView.swift in Sources */ = {isa = PBXBuildFile; fileRef = CBF83F44251C5BAB00BFD631 /* ListLocationView.swift */; };
		CBF83F4C251C5E1F00BFD631 /* AddLocationTableViewCell.xib in Resources */ = {isa = PBXBuildFile; fileRef = CBF83F47251C5E1F00BFD631 /* AddLocationTableViewCell.xib */; };
		CBF83F4D251C5E1F00BFD631 /* AddLocationTableViewCell.swift in Sources */ = {isa = PBXBuildFile; fileRef = CBF83F48251C5E1F00BFD631 /* AddLocationTableViewCell.swift */; };
		CBF83F4E251C5E1F00BFD631 /* LocationTableViewCell.xib in Resources */ = {isa = PBXBuildFile; fileRef = CBF83F4A251C5E1F00BFD631 /* LocationTableViewCell.xib */; };
		CBF83F4F251C5E1F00BFD631 /* LocationTableViewCell.swift in Sources */ = {isa = PBXBuildFile; fileRef = CBF83F4B251C5E1F00BFD631 /* LocationTableViewCell.swift */; };
/* End PBXBuildFile section */

/* Begin PBXFileReference section */
		34918A596DE3F6D1F9478FE8 /* Pods-Daily-Weather.release.xcconfig */ = {isa = PBXFileReference; includeInIndex = 1; lastKnownFileType = text.xcconfig; name = "Pods-Daily-Weather.release.xcconfig"; path = "Target Support Files/Pods-Daily-Weather/Pods-Daily-Weather.release.xcconfig"; sourceTree = "<group>"; };
		7A50CC589BEF5CB51D91D9DB /* Pods_Daily_Weather.framework */ = {isa = PBXFileReference; explicitFileType = wrapper.framework; includeInIndex = 0; path = Pods_Daily_Weather.framework; sourceTree = BUILT_PRODUCTS_DIR; };
		CB2181CF25130C6900BB350C /* DateExtension.swift */ = {isa = PBXFileReference; lastKnownFileType = sourcecode.swift; path = DateExtension.swift; sourceTree = "<group>"; };
		CB22B47A24F89DF500D14FB8 /* WeatherData.swift */ = {isa = PBXFileReference; lastKnownFileType = sourcecode.swift; path = WeatherData.swift; sourceTree = "<group>"; };
		CB22B47C24F89E0200D14FB8 /* LocationData.swift */ = {isa = PBXFileReference; lastKnownFileType = sourcecode.swift; path = LocationData.swift; sourceTree = "<group>"; };
		CB22B47E24F89E1600D14FB8 /* CoordinateData.swift */ = {isa = PBXFileReference; lastKnownFileType = sourcecode.swift; path = CoordinateData.swift; sourceTree = "<group>"; };
		CB2391AE24EB8F6600406091 /* HomeViewController.swift */ = {isa = PBXFileReference; fileEncoding = 4; lastKnownFileType = sourcecode.swift; path = HomeViewController.swift; sourceTree = "<group>"; };
		CB349B3C250881C000DE2DBD /* City.swift */ = {isa = PBXFileReference; fileEncoding = 4; lastKnownFileType = sourcecode.swift; path = City.swift; sourceTree = "<group>"; };
		CB349B3D250881C000DE2DBD /* FeelsLike.swift */ = {isa = PBXFileReference; fileEncoding = 4; lastKnownFileType = sourcecode.swift; path = FeelsLike.swift; sourceTree = "<group>"; };
		CB349B3E250881C000DE2DBD /* Daily.swift */ = {isa = PBXFileReference; fileEncoding = 4; lastKnownFileType = sourcecode.swift; path = Daily.swift; sourceTree = "<group>"; };
		CB349B3F250881C000DE2DBD /* Weather.swift */ = {isa = PBXFileReference; fileEncoding = 4; lastKnownFileType = sourcecode.swift; path = Weather.swift; sourceTree = "<group>"; };
		CB349B40250881C000DE2DBD /* Current.swift */ = {isa = PBXFileReference; fileEncoding = 4; lastKnownFileType = sourcecode.swift; path = Current.swift; sourceTree = "<group>"; };
		CB349B41250881C000DE2DBD /* DataWeather.swift */ = {isa = PBXFileReference; fileEncoding = 4; lastKnownFileType = sourcecode.swift; path = DataWeather.swift; sourceTree = "<group>"; };
		CB349B42250881C100DE2DBD /* Hourly.swift */ = {isa = PBXFileReference; fileEncoding = 4; lastKnownFileType = sourcecode.swift; path = Hourly.swift; sourceTree = "<group>"; };
		CB349B43250881C100DE2DBD /* Temperature.swift */ = {isa = PBXFileReference; fileEncoding = 4; lastKnownFileType = sourcecode.swift; path = Temperature.swift; sourceTree = "<group>"; };
		CB349B4C250881DC00DE2DBD /* Coor.swift */ = {isa = PBXFileReference; fileEncoding = 4; lastKnownFileType = sourcecode.swift; path = Coor.swift; sourceTree = "<group>"; };
		CB3F511325071C25005A21B3 /* KeyApi.swift */ = {isa = PBXFileReference; lastKnownFileType = sourcecode.swift; path = KeyApi.swift; sourceTree = "<group>"; };
		CB41FB0124F8A9FF00BF9867 /* APIUrl.swift */ = {isa = PBXFileReference; lastKnownFileType = sourcecode.swift; path = APIUrl.swift; sourceTree = "<group>"; };
		CB66AF492508CD62004A94B7 /* HourlyTableViewCell.swift */ = {isa = PBXFileReference; lastKnownFileType = sourcecode.swift; path = HourlyTableViewCell.swift; sourceTree = "<group>"; };
		CB66AF4A2508CD62004A94B7 /* HourlyTableViewCell.xib */ = {isa = PBXFileReference; lastKnownFileType = file.xib; path = HourlyTableViewCell.xib; sourceTree = "<group>"; };
		CB66AF4D2508CD7F004A94B7 /* WeatherCollectionViewCell.swift */ = {isa = PBXFileReference; lastKnownFileType = sourcecode.swift; path = WeatherCollectionViewCell.swift; sourceTree = "<group>"; };
		CB66AF4E2508CD7F004A94B7 /* WeatherCollectionViewCell.xib */ = {isa = PBXFileReference; lastKnownFileType = file.xib; path = WeatherCollectionViewCell.xib; sourceTree = "<group>"; };
		CB68C4DB251B41990039ADB0 /* TodayDetailTableViewCell.xib */ = {isa = PBXFileReference; fileEncoding = 4; lastKnownFileType = file.xib; path = TodayDetailTableViewCell.xib; sourceTree = "<group>"; };
		CB68C4DC251B41990039ADB0 /* TodayDetailTableViewCell.swift */ = {isa = PBXFileReference; fileEncoding = 4; lastKnownFileType = sourcecode.swift; path = TodayDetailTableViewCell.swift; sourceTree = "<group>"; };
		CB68C4DE251B41990039ADB0 /* WeatherTableViewCell.xib */ = {isa = PBXFileReference; fileEncoding = 4; lastKnownFileType = file.xib; path = WeatherTableViewCell.xib; sourceTree = "<group>"; };
		CB68C4DF251B41990039ADB0 /* WeatherTableViewCell.swift */ = {isa = PBXFileReference; fileEncoding = 4; lastKnownFileType = sourcecode.swift; path = WeatherTableViewCell.swift; sourceTree = "<group>"; };
		CB68C4E1251B419A0039ADB0 /* TodayInformationTableViewCell.swift */ = {isa = PBXFileReference; fileEncoding = 4; lastKnownFileType = sourcecode.swift; path = TodayInformationTableViewCell.swift; sourceTree = "<group>"; };
		CB68C4E2251B419A0039ADB0 /* TodayInformationTableViewCell.xib */ = {isa = PBXFileReference; fileEncoding = 4; lastKnownFileType = file.xib; path = TodayInformationTableViewCell.xib; sourceTree = "<group>"; };
		CBBEC09E250F60410079427C /* ImageUrl.swift */ = {isa = PBXFileReference; lastKnownFileType = sourcecode.swift; path = ImageUrl.swift; sourceTree = "<group>"; };
		CBC761A524EB806800060D7A /* Daily-Weather.app */ = {isa = PBXFileReference; explicitFileType = wrapper.application; includeInIndex = 0; path = "Daily-Weather.app"; sourceTree = BUILT_PRODUCTS_DIR; };
		CBC761A824EB806800060D7A /* AppDelegate.swift */ = {isa = PBXFileReference; lastKnownFileType = sourcecode.swift; path = AppDelegate.swift; sourceTree = "<group>"; };
		CBC761AA24EB806800060D7A /* SceneDelegate.swift */ = {isa = PBXFileReference; lastKnownFileType = sourcecode.swift; path = SceneDelegate.swift; sourceTree = "<group>"; };
		CBC761AF24EB806800060D7A /* Base */ = {isa = PBXFileReference; lastKnownFileType = file.storyboard; name = Base; path = Base.lproj/Main.storyboard; sourceTree = "<group>"; };
		CBC761B124EB806900060D7A /* Assets.xcassets */ = {isa = PBXFileReference; lastKnownFileType = folder.assetcatalog; path = Assets.xcassets; sourceTree = "<group>"; };
		CBC761B424EB806900060D7A /* Base */ = {isa = PBXFileReference; lastKnownFileType = file.storyboard; name = Base; path = Base.lproj/LaunchScreen.storyboard; sourceTree = "<group>"; };
		CBC761B624EB806900060D7A /* Info.plist */ = {isa = PBXFileReference; lastKnownFileType = text.plist.xml; path = Info.plist; sourceTree = "<group>"; };
		CBC761E524EB8B9700060D7A /* Home.storyboard */ = {isa = PBXFileReference; fileEncoding = 4; lastKnownFileType = file.storyboard; path = Home.storyboard; sourceTree = "<group>"; };
		CBF83F44251C5BAB00BFD631 /* ListLocationView.swift */ = {isa = PBXFileReference; lastKnownFileType = sourcecode.swift; path = ListLocationView.swift; sourceTree = "<group>"; };
		CBF83F47251C5E1F00BFD631 /* AddLocationTableViewCell.xib */ = {isa = PBXFileReference; fileEncoding = 4; lastKnownFileType = file.xib; path = AddLocationTableViewCell.xib; sourceTree = "<group>"; };
		CBF83F48251C5E1F00BFD631 /* AddLocationTableViewCell.swift */ = {isa = PBXFileReference; fileEncoding = 4; lastKnownFileType = sourcecode.swift; path = AddLocationTableViewCell.swift; sourceTree = "<group>"; };
		CBF83F4A251C5E1F00BFD631 /* LocationTableViewCell.xib */ = {isa = PBXFileReference; fileEncoding = 4; lastKnownFileType = file.xib; path = LocationTableViewCell.xib; sourceTree = "<group>"; };
		CBF83F4B251C5E1F00BFD631 /* LocationTableViewCell.swift */ = {isa = PBXFileReference; fileEncoding = 4; lastKnownFileType = sourcecode.swift; path = LocationTableViewCell.swift; sourceTree = "<group>"; };
		E263BA5D7B14BC0546B8C577 /* Pods-Daily-Weather.debug.xcconfig */ = {isa = PBXFileReference; includeInIndex = 1; lastKnownFileType = text.xcconfig; name = "Pods-Daily-Weather.debug.xcconfig"; path = "Target Support Files/Pods-Daily-Weather/Pods-Daily-Weather.debug.xcconfig"; sourceTree = "<group>"; };
/* End PBXFileReference section */

/* Begin PBXFrameworksBuildPhase section */
		CBC761A224EB806800060D7A /* Frameworks */ = {
			isa = PBXFrameworksBuildPhase;
			buildActionMask = 2147483647;
			files = (
				8F91296DC2D6F6F107862764 /* Pods_Daily_Weather.framework in Frameworks */,
			);
			runOnlyForDeploymentPostprocessing = 0;
		};
/* End PBXFrameworksBuildPhase section */

/* Begin PBXGroup section */
		28B76171C842E92FB097F565 /* Pods */ = {
			isa = PBXGroup;
			children = (
				E263BA5D7B14BC0546B8C577 /* Pods-Daily-Weather.debug.xcconfig */,
				34918A596DE3F6D1F9478FE8 /* Pods-Daily-Weather.release.xcconfig */,
			);
			path = Pods;
			sourceTree = "<group>";
		};
		CB22B47924F89DDA00D14FB8 /* Remote */ = {
			isa = PBXGroup;
			children = (
				CB22B47A24F89DF500D14FB8 /* WeatherData.swift */,
				CB22B47C24F89E0200D14FB8 /* LocationData.swift */,
				CB22B47E24F89E1600D14FB8 /* CoordinateData.swift */,
				CB41FB0124F8A9FF00BF9867 /* APIUrl.swift */,
				CB3F511325071C25005A21B3 /* KeyApi.swift */,
				CBBEC09E250F60410079427C /* ImageUrl.swift */,
			);
			path = Remote;
			sourceTree = "<group>";
		};
		CB349B4E250882C100DE2DBD /* Local */ = {
			isa = PBXGroup;
			children = (
			);
			path = Local;
			sourceTree = "<group>";
		};
		CB349B4F250882C700DE2DBD /* Repostitories */ = {
			isa = PBXGroup;
			children = (
			);
			path = Repostitories;
			sourceTree = "<group>";
		};
		CB349B50250882EE00DE2DBD /* Extensions */ = {
			isa = PBXGroup;
			children = (
				CB2181CF25130C6900BB350C /* DateExtension.swift */,
			);
			path = Extensions;
			sourceTree = "<group>";
		};
		CB349B512508830300DE2DBD /* Utils */ = {
			isa = PBXGroup;
			children = (
			);
			path = Utils;
			sourceTree = "<group>";
		};
		CB66AF472508CD38004A94B7 /* CollectionViewCell */ = {
			isa = PBXGroup;
			children = (
				CB66AF4D2508CD7F004A94B7 /* WeatherCollectionViewCell.swift */,
				CB66AF4E2508CD7F004A94B7 /* WeatherCollectionViewCell.xib */,
			);
			path = CollectionViewCell;
			sourceTree = "<group>";
		};
		CB66AF482508CD44004A94B7 /* HourlyCollection */ = {
			isa = PBXGroup;
			children = (
				CB66AF492508CD62004A94B7 /* HourlyTableViewCell.swift */,
				CB66AF4A2508CD62004A94B7 /* HourlyTableViewCell.xib */,
			);
			path = HourlyCollection;
			sourceTree = "<group>";
		};
		CB68C4DA251B41990039ADB0 /* TodayDetailCell */ = {
			isa = PBXGroup;
			children = (
				CB68C4DC251B41990039ADB0 /* TodayDetailTableViewCell.swift */,
				CB68C4DB251B41990039ADB0 /* TodayDetailTableViewCell.xib */,
			);
			path = TodayDetailCell;
			sourceTree = "<group>";
		};
		CB68C4DD251B41990039ADB0 /* WeatherCell */ = {
			isa = PBXGroup;
			children = (
				CB68C4DF251B41990039ADB0 /* WeatherTableViewCell.swift */,
				CB68C4DE251B41990039ADB0 /* WeatherTableViewCell.xib */,
			);
			path = WeatherCell;
			sourceTree = "<group>";
		};
		CB68C4E0251B419A0039ADB0 /* TodayInformationCell */ = {
			isa = PBXGroup;
			children = (
				CB68C4E1251B419A0039ADB0 /* TodayInformationTableViewCell.swift */,
				CB68C4E2251B419A0039ADB0 /* TodayInformationTableViewCell.xib */,
			);
			path = TodayInformationCell;
			sourceTree = "<group>";
		};
		CBC7619C24EB806800060D7A = {
			isa = PBXGroup;
			children = (
				CBC761A724EB806800060D7A /* Daily-Weather */,
				CBC761A624EB806800060D7A /* Products */,
				28B76171C842E92FB097F565 /* Pods */,
				E973CA4294EBC7502D08236C /* Frameworks */,
			);
			sourceTree = "<group>";
		};
		CBC761A624EB806800060D7A /* Products */ = {
			isa = PBXGroup;
			children = (
				CBC761A524EB806800060D7A /* Daily-Weather.app */,
			);
			name = Products;
			sourceTree = "<group>";
		};
		CBC761A724EB806800060D7A /* Daily-Weather */ = {
			isa = PBXGroup;
			children = (
				CB349B512508830300DE2DBD /* Utils */,
				CB349B50250882EE00DE2DBD /* Extensions */,
				CBC761C524EB810900060D7A /* Services */,
				CBC761C224EB80DC00060D7A /* Scenes */,
				CBC761C124EB80CC00060D7A /* Models */,
				CBC761C024EB80C400060D7A /* Controller */,
				CBC761A824EB806800060D7A /* AppDelegate.swift */,
				CBC761AA24EB806800060D7A /* SceneDelegate.swift */,
				CBC761AE24EB806800060D7A /* Main.storyboard */,
				CBC761B124EB806900060D7A /* Assets.xcassets */,
				CBC761B324EB806900060D7A /* LaunchScreen.storyboard */,
				CBC761B624EB806900060D7A /* Info.plist */,
			);
			path = "Daily-Weather";
			sourceTree = "<group>";
		};
		CBC761C024EB80C400060D7A /* Controller */ = {
			isa = PBXGroup;
			children = (
				CB2391AE24EB8F6600406091 /* HomeViewController.swift */,
				CBF83F44251C5BAB00BFD631 /* ListLocationView.swift */,
			);
			path = Controller;
			sourceTree = "<group>";
		};
		CBC761C124EB80CC00060D7A /* Models */ = {
			isa = PBXGroup;
			children = (
				CB349B4C250881DC00DE2DBD /* Coor.swift */,
				CB349B3C250881C000DE2DBD /* City.swift */,
				CB349B40250881C000DE2DBD /* Current.swift */,
				CB349B3E250881C000DE2DBD /* Daily.swift */,
				CB349B41250881C000DE2DBD /* DataWeather.swift */,
				CB349B3D250881C000DE2DBD /* FeelsLike.swift */,
				CB349B42250881C100DE2DBD /* Hourly.swift */,
				CB349B43250881C100DE2DBD /* Temperature.swift */,
				CB349B3F250881C000DE2DBD /* Weather.swift */,
			);
			path = Models;
			sourceTree = "<group>";
		};
		CBC761C224EB80DC00060D7A /* Scenes */ = {
			isa = PBXGroup;
			children = (
				CBC761C424EB80F600060D7A /* MainScreen */,
				CBC761C324EB80ED00060D7A /* Storyboards */,
			);
			path = Scenes;
			sourceTree = "<group>";
		};
		CBC761C324EB80ED00060D7A /* Storyboards */ = {
			isa = PBXGroup;
			children = (
				CBC761E524EB8B9700060D7A /* Home.storyboard */,
			);
			path = Storyboards;
			sourceTree = "<group>";
		};
		CBC761C424EB80F600060D7A /* MainScreen */ = {
			isa = PBXGroup;
			children = (
				CBF83F46251C5E1F00BFD631 /* AddLocationCell */,
				CBF83F49251C5E1F00BFD631 /* ListLocationCell */,
				CB68C4DA251B41990039ADB0 /* TodayDetailCell */,
				CB68C4E0251B419A0039ADB0 /* TodayInformationCell */,
				CB68C4DD251B41990039ADB0 /* WeatherCell */,
				CB66AF482508CD44004A94B7 /* HourlyCollection */,
				CB66AF472508CD38004A94B7 /* CollectionViewCell */,
			);
			path = MainScreen;
			sourceTree = "<group>";
		};
		CBC761C524EB810900060D7A /* Services */ = {
			isa = PBXGroup;
			children = (
				CB349B4F250882C700DE2DBD /* Repostitories */,
				CB349B4E250882C100DE2DBD /* Local */,
				CB22B47924F89DDA00D14FB8 /* Remote */,
			);
			path = Services;
			sourceTree = "<group>";
		};
		CBF83F46251C5E1F00BFD631 /* AddLocationCell */ = {
			isa = PBXGroup;
			children = (
				CBF83F48251C5E1F00BFD631 /* AddLocationTableViewCell.swift */,
				CBF83F47251C5E1F00BFD631 /* AddLocationTableViewCell.xib */,
			);
			path = AddLocationCell;
			sourceTree = "<group>";
		};
		CBF83F49251C5E1F00BFD631 /* ListLocationCell */ = {
			isa = PBXGroup;
			children = (
				CBF83F4B251C5E1F00BFD631 /* LocationTableViewCell.swift */,
				CBF83F4A251C5E1F00BFD631 /* LocationTableViewCell.xib */,
			);
			path = ListLocationCell;
			sourceTree = "<group>";
		};
		E973CA4294EBC7502D08236C /* Frameworks */ = {
			isa = PBXGroup;
			children = (
				7A50CC589BEF5CB51D91D9DB /* Pods_Daily_Weather.framework */,
			);
			name = Frameworks;
			sourceTree = "<group>";
		};
/* End PBXGroup section */

/* Begin PBXNativeTarget section */
		CBC761A424EB806800060D7A /* Daily-Weather */ = {
			isa = PBXNativeTarget;
			buildConfigurationList = CBC761B924EB806900060D7A /* Build configuration list for PBXNativeTarget "Daily-Weather" */;
			buildPhases = (
				33527B949F679EFA34B040CB /* [CP] Check Pods Manifest.lock */,
				CBC761A124EB806800060D7A /* Sources */,
				CBC761A224EB806800060D7A /* Frameworks */,
				CBC761A324EB806800060D7A /* Resources */,
				FD99E375DF43F03561A3A593 /* [CP] Embed Pods Frameworks */,
			);
			buildRules = (
			);
			dependencies = (
			);
			name = "Daily-Weather";
			productName = "Daily-Weather";
			productReference = CBC761A524EB806800060D7A /* Daily-Weather.app */;
			productType = "com.apple.product-type.application";
		};
/* End PBXNativeTarget section */

/* Begin PBXProject section */
		CBC7619D24EB806800060D7A /* Project object */ = {
			isa = PBXProject;
			attributes = {
				LastSwiftUpdateCheck = 1100;
				LastUpgradeCheck = 1100;
				ORGANIZATIONNAME = "Nguyen Tien Cong";
				TargetAttributes = {
					CBC761A424EB806800060D7A = {
						CreatedOnToolsVersion = 11.0;
					};
				};
			};
			buildConfigurationList = CBC761A024EB806800060D7A /* Build configuration list for PBXProject "Daily-Weather" */;
			compatibilityVersion = "Xcode 9.3";
			developmentRegion = en;
			hasScannedForEncodings = 0;
			knownRegions = (
				en,
				Base,
			);
			mainGroup = CBC7619C24EB806800060D7A;
			productRefGroup = CBC761A624EB806800060D7A /* Products */;
			projectDirPath = "";
			projectRoot = "";
			targets = (
				CBC761A424EB806800060D7A /* Daily-Weather */,
			);
		};
/* End PBXProject section */

/* Begin PBXResourcesBuildPhase section */
		CBC761A324EB806800060D7A /* Resources */ = {
			isa = PBXResourcesBuildPhase;
			buildActionMask = 2147483647;
			files = (
				CBC761B524EB806900060D7A /* LaunchScreen.storyboard in Resources */,
				CB66AF4C2508CD62004A94B7 /* HourlyTableViewCell.xib in Resources */,
				CBF83F4E251C5E1F00BFD631 /* LocationTableViewCell.xib in Resources */,
				CBC761B224EB806900060D7A /* Assets.xcassets in Resources */,
				CBC761B024EB806800060D7A /* Main.storyboard in Resources */,
				CB68C4E5251B419A0039ADB0 /* WeatherTableViewCell.xib in Resources */,
				CB68C4E8251B419A0039ADB0 /* TodayInformationTableViewCell.xib in Resources */,
				CB68C4E3251B419A0039ADB0 /* TodayDetailTableViewCell.xib in Resources */,
				CBC761E624EB8B9700060D7A /* Home.storyboard in Resources */,
				CBF83F4C251C5E1F00BFD631 /* AddLocationTableViewCell.xib in Resources */,
				CB66AF502508CD7F004A94B7 /* WeatherCollectionViewCell.xib in Resources */,
			);
			runOnlyForDeploymentPostprocessing = 0;
		};
/* End PBXResourcesBuildPhase section */

/* Begin PBXShellScriptBuildPhase section */
		33527B949F679EFA34B040CB /* [CP] Check Pods Manifest.lock */ = {
			isa = PBXShellScriptBuildPhase;
			buildActionMask = 2147483647;
			files = (
			);
			inputFileListPaths = (
			);
			inputPaths = (
				"${PODS_PODFILE_DIR_PATH}/Podfile.lock",
				"${PODS_ROOT}/Manifest.lock",
			);
			name = "[CP] Check Pods Manifest.lock";
			outputFileListPaths = (
			);
			outputPaths = (
				"$(DERIVED_FILE_DIR)/Pods-Daily-Weather-checkManifestLockResult.txt",
			);
			runOnlyForDeploymentPostprocessing = 0;
			shellPath = /bin/sh;
			shellScript = "diff \"${PODS_PODFILE_DIR_PATH}/Podfile.lock\" \"${PODS_ROOT}/Manifest.lock\" > /dev/null\nif [ $? != 0 ] ; then\n    # print error to STDERR\n    echo \"error: The sandbox is not in sync with the Podfile.lock. Run 'pod install' or update your CocoaPods installation.\" >&2\n    exit 1\nfi\n# This output is used by Xcode 'outputs' to avoid re-running this script phase.\necho \"SUCCESS\" > \"${SCRIPT_OUTPUT_FILE_0}\"\n";
			showEnvVarsInLog = 0;
		};
		FD99E375DF43F03561A3A593 /* [CP] Embed Pods Frameworks */ = {
			isa = PBXShellScriptBuildPhase;
			buildActionMask = 2147483647;
			files = (
			);
			inputFileListPaths = (
				"${PODS_ROOT}/Target Support Files/Pods-Daily-Weather/Pods-Daily-Weather-frameworks-${CONFIGURATION}-input-files.xcfilelist",
			);
			name = "[CP] Embed Pods Frameworks";
			outputFileListPaths = (
				"${PODS_ROOT}/Target Support Files/Pods-Daily-Weather/Pods-Daily-Weather-frameworks-${CONFIGURATION}-output-files.xcfilelist",
			);
			runOnlyForDeploymentPostprocessing = 0;
			shellPath = /bin/sh;
			shellScript = "\"${PODS_ROOT}/Target Support Files/Pods-Daily-Weather/Pods-Daily-Weather-frameworks.sh\"\n";
			showEnvVarsInLog = 0;
		};
/* End PBXShellScriptBuildPhase section */

/* Begin PBXSourcesBuildPhase section */
		CBC761A124EB806800060D7A /* Sources */ = {
			isa = PBXSourcesBuildPhase;
			buildActionMask = 2147483647;
			files = (
				CB68C4E6251B419A0039ADB0 /* WeatherTableViewCell.swift in Sources */,
				CB349B4A250881C100DE2DBD /* Hourly.swift in Sources */,
				CB2181D025130C6900BB350C /* DateExtension.swift in Sources */,
				CB22B47D24F89E0200D14FB8 /* LocationData.swift in Sources */,
				CB349B45250881C100DE2DBD /* FeelsLike.swift in Sources */,
				CB22B47F24F89E1600D14FB8 /* CoordinateData.swift in Sources */,
				CBC761A924EB806800060D7A /* AppDelegate.swift in Sources */,
				CB66AF4F2508CD7F004A94B7 /* WeatherCollectionViewCell.swift in Sources */,
				CB349B4D250881DC00DE2DBD /* Coor.swift in Sources */,
				CBF83F45251C5BAB00BFD631 /* ListLocationView.swift in Sources */,
				CB68C4E4251B419A0039ADB0 /* TodayDetailTableViewCell.swift in Sources */,
				CBBEC09F250F60410079427C /* ImageUrl.swift in Sources */,
				CB3F511425071C25005A21B3 /* KeyApi.swift in Sources */,
				CB22B47B24F89DF500D14FB8 /* WeatherData.swift in Sources */,
				CBC761AB24EB806800060D7A /* SceneDelegate.swift in Sources */,
				CB349B49250881C100DE2DBD /* DataWeather.swift in Sources */,
				CB66AF4B2508CD62004A94B7 /* HourlyTableViewCell.swift in Sources */,
				CB68C4E7251B419A0039ADB0 /* TodayInformationTableViewCell.swift in Sources */,
				CB349B48250881C100DE2DBD /* Current.swift in Sources */,
				CB2391AF24EB8F6600406091 /* HomeViewController.swift in Sources */,
				CBF83F4D251C5E1F00BFD631 /* AddLocationTableViewCell.swift in Sources */,
				CBF83F4F251C5E1F00BFD631 /* LocationTableViewCell.swift in Sources */,
				CB349B4B250881C100DE2DBD /* Temperature.swift in Sources */,
				CB41FB0224F8A9FF00BF9867 /* APIUrl.swift in Sources */,
				CB349B47250881C100DE2DBD /* Weather.swift in Sources */,
				CB349B44250881C100DE2DBD /* City.swift in Sources */,
				CB349B46250881C100DE2DBD /* Daily.swift in Sources */,
			);
			runOnlyForDeploymentPostprocessing = 0;
		};
/* End PBXSourcesBuildPhase section */

/* Begin PBXVariantGroup section */
		CBC761AE24EB806800060D7A /* Main.storyboard */ = {
			isa = PBXVariantGroup;
			children = (
				CBC761AF24EB806800060D7A /* Base */,
			);
			name = Main.storyboard;
			sourceTree = "<group>";
		};
		CBC761B324EB806900060D7A /* LaunchScreen.storyboard */ = {
			isa = PBXVariantGroup;
			children = (
				CBC761B424EB806900060D7A /* Base */,
			);
			name = LaunchScreen.storyboard;
			sourceTree = "<group>";
		};
/* End PBXVariantGroup section */

/* Begin XCBuildConfiguration section */
		CBC761B724EB806900060D7A /* Debug */ = {
			isa = XCBuildConfiguration;
			buildSettings = {
				ALWAYS_SEARCH_USER_PATHS = NO;
				CLANG_ANALYZER_NONNULL = YES;
				CLANG_ANALYZER_NUMBER_OBJECT_CONVERSION = YES_AGGRESSIVE;
				CLANG_CXX_LANGUAGE_STANDARD = "gnu++14";
				CLANG_CXX_LIBRARY = "libc++";
				CLANG_ENABLE_MODULES = YES;
				CLANG_ENABLE_OBJC_ARC = YES;
				CLANG_ENABLE_OBJC_WEAK = YES;
				CLANG_WARN_BLOCK_CAPTURE_AUTORELEASING = YES;
				CLANG_WARN_BOOL_CONVERSION = YES;
				CLANG_WARN_COMMA = YES;
				CLANG_WARN_CONSTANT_CONVERSION = YES;
				CLANG_WARN_DEPRECATED_OBJC_IMPLEMENTATIONS = YES;
				CLANG_WARN_DIRECT_OBJC_ISA_USAGE = YES_ERROR;
				CLANG_WARN_DOCUMENTATION_COMMENTS = YES;
				CLANG_WARN_EMPTY_BODY = YES;
				CLANG_WARN_ENUM_CONVERSION = YES;
				CLANG_WARN_INFINITE_RECURSION = YES;
				CLANG_WARN_INT_CONVERSION = YES;
				CLANG_WARN_NON_LITERAL_NULL_CONVERSION = YES;
				CLANG_WARN_OBJC_IMPLICIT_RETAIN_SELF = YES;
				CLANG_WARN_OBJC_LITERAL_CONVERSION = YES;
				CLANG_WARN_OBJC_ROOT_CLASS = YES_ERROR;
				CLANG_WARN_RANGE_LOOP_ANALYSIS = YES;
				CLANG_WARN_STRICT_PROTOTYPES = YES;
				CLANG_WARN_SUSPICIOUS_MOVE = YES;
				CLANG_WARN_UNGUARDED_AVAILABILITY = YES_AGGRESSIVE;
				CLANG_WARN_UNREACHABLE_CODE = YES;
				CLANG_WARN__DUPLICATE_METHOD_MATCH = YES;
				COPY_PHASE_STRIP = NO;
				DEBUG_INFORMATION_FORMAT = dwarf;
				ENABLE_STRICT_OBJC_MSGSEND = YES;
				ENABLE_TESTABILITY = YES;
				GCC_C_LANGUAGE_STANDARD = gnu11;
				GCC_DYNAMIC_NO_PIC = NO;
				GCC_NO_COMMON_BLOCKS = YES;
				GCC_OPTIMIZATION_LEVEL = 0;
				GCC_PREPROCESSOR_DEFINITIONS = (
					"DEBUG=1",
					"$(inherited)",
				);
				GCC_WARN_64_TO_32_BIT_CONVERSION = YES;
				GCC_WARN_ABOUT_RETURN_TYPE = YES_ERROR;
				GCC_WARN_UNDECLARED_SELECTOR = YES;
				GCC_WARN_UNINITIALIZED_AUTOS = YES_AGGRESSIVE;
				GCC_WARN_UNUSED_FUNCTION = YES;
				GCC_WARN_UNUSED_VARIABLE = YES;
				IPHONEOS_DEPLOYMENT_TARGET = 13.0;
				MTL_ENABLE_DEBUG_INFO = INCLUDE_SOURCE;
				MTL_FAST_MATH = YES;
				ONLY_ACTIVE_ARCH = YES;
				SDKROOT = iphoneos;
				SWIFT_ACTIVE_COMPILATION_CONDITIONS = DEBUG;
				SWIFT_OPTIMIZATION_LEVEL = "-Onone";
			};
			name = Debug;
		};
		CBC761B824EB806900060D7A /* Release */ = {
			isa = XCBuildConfiguration;
			buildSettings = {
				ALWAYS_SEARCH_USER_PATHS = NO;
				CLANG_ANALYZER_NONNULL = YES;
				CLANG_ANALYZER_NUMBER_OBJECT_CONVERSION = YES_AGGRESSIVE;
				CLANG_CXX_LANGUAGE_STANDARD = "gnu++14";
				CLANG_CXX_LIBRARY = "libc++";
				CLANG_ENABLE_MODULES = YES;
				CLANG_ENABLE_OBJC_ARC = YES;
				CLANG_ENABLE_OBJC_WEAK = YES;
				CLANG_WARN_BLOCK_CAPTURE_AUTORELEASING = YES;
				CLANG_WARN_BOOL_CONVERSION = YES;
				CLANG_WARN_COMMA = YES;
				CLANG_WARN_CONSTANT_CONVERSION = YES;
				CLANG_WARN_DEPRECATED_OBJC_IMPLEMENTATIONS = YES;
				CLANG_WARN_DIRECT_OBJC_ISA_USAGE = YES_ERROR;
				CLANG_WARN_DOCUMENTATION_COMMENTS = YES;
				CLANG_WARN_EMPTY_BODY = YES;
				CLANG_WARN_ENUM_CONVERSION = YES;
				CLANG_WARN_INFINITE_RECURSION = YES;
				CLANG_WARN_INT_CONVERSION = YES;
				CLANG_WARN_NON_LITERAL_NULL_CONVERSION = YES;
				CLANG_WARN_OBJC_IMPLICIT_RETAIN_SELF = YES;
				CLANG_WARN_OBJC_LITERAL_CONVERSION = YES;
				CLANG_WARN_OBJC_ROOT_CLASS = YES_ERROR;
				CLANG_WARN_RANGE_LOOP_ANALYSIS = YES;
				CLANG_WARN_STRICT_PROTOTYPES = YES;
				CLANG_WARN_SUSPICIOUS_MOVE = YES;
				CLANG_WARN_UNGUARDED_AVAILABILITY = YES_AGGRESSIVE;
				CLANG_WARN_UNREACHABLE_CODE = YES;
				CLANG_WARN__DUPLICATE_METHOD_MATCH = YES;
				COPY_PHASE_STRIP = NO;
				DEBUG_INFORMATION_FORMAT = "dwarf-with-dsym";
				ENABLE_NS_ASSERTIONS = NO;
				ENABLE_STRICT_OBJC_MSGSEND = YES;
				GCC_C_LANGUAGE_STANDARD = gnu11;
				GCC_NO_COMMON_BLOCKS = YES;
				GCC_WARN_64_TO_32_BIT_CONVERSION = YES;
				GCC_WARN_ABOUT_RETURN_TYPE = YES_ERROR;
				GCC_WARN_UNDECLARED_SELECTOR = YES;
				GCC_WARN_UNINITIALIZED_AUTOS = YES_AGGRESSIVE;
				GCC_WARN_UNUSED_FUNCTION = YES;
				GCC_WARN_UNUSED_VARIABLE = YES;
				IPHONEOS_DEPLOYMENT_TARGET = 13.0;
				MTL_ENABLE_DEBUG_INFO = NO;
				MTL_FAST_MATH = YES;
				SDKROOT = iphoneos;
				SWIFT_COMPILATION_MODE = wholemodule;
				SWIFT_OPTIMIZATION_LEVEL = "-O";
				VALIDATE_PRODUCT = YES;
			};
			name = Release;
		};
		CBC761BA24EB806900060D7A /* Debug */ = {
			isa = XCBuildConfiguration;
			baseConfigurationReference = E263BA5D7B14BC0546B8C577 /* Pods-Daily-Weather.debug.xcconfig */;
			buildSettings = {
				ASSETCATALOG_COMPILER_APPICON_NAME = AppIcon;
				CODE_SIGN_STYLE = Automatic;
				DEVELOPMENT_TEAM = ZJGK3YDS39;
				INFOPLIST_FILE = "Daily-Weather/Info.plist";
				LD_RUNPATH_SEARCH_PATHS = (
					"$(inherited)",
					"@executable_path/Frameworks",
				);
				PRODUCT_BUNDLE_IDENTIFIER = "com.tiencongnguyen.Daily-Weather";
				PRODUCT_NAME = "$(TARGET_NAME)";
				SWIFT_VERSION = 5.0;
				TARGETED_DEVICE_FAMILY = "1,2";
			};
			name = Debug;
		};
		CBC761BB24EB806900060D7A /* Release */ = {
			isa = XCBuildConfiguration;
			baseConfigurationReference = 34918A596DE3F6D1F9478FE8 /* Pods-Daily-Weather.release.xcconfig */;
			buildSettings = {
				ASSETCATALOG_COMPILER_APPICON_NAME = AppIcon;
				CODE_SIGN_STYLE = Automatic;
				DEVELOPMENT_TEAM = ZJGK3YDS39;
				INFOPLIST_FILE = "Daily-Weather/Info.plist";
				LD_RUNPATH_SEARCH_PATHS = (
					"$(inherited)",
					"@executable_path/Frameworks",
				);
				PRODUCT_BUNDLE_IDENTIFIER = "com.tiencongnguyen.Daily-Weather";
				PRODUCT_NAME = "$(TARGET_NAME)";
				SWIFT_VERSION = 5.0;
				TARGETED_DEVICE_FAMILY = "1,2";
			};
			name = Release;
		};
/* End XCBuildConfiguration section */

/* Begin XCConfigurationList section */
		CBC761A024EB806800060D7A /* Build configuration list for PBXProject "Daily-Weather" */ = {
			isa = XCConfigurationList;
			buildConfigurations = (
				CBC761B724EB806900060D7A /* Debug */,
				CBC761B824EB806900060D7A /* Release */,
			);
			defaultConfigurationIsVisible = 0;
			defaultConfigurationName = Release;
		};
		CBC761B924EB806900060D7A /* Build configuration list for PBXNativeTarget "Daily-Weather" */ = {
			isa = XCConfigurationList;
			buildConfigurations = (
				CBC761BA24EB806900060D7A /* Debug */,
				CBC761BB24EB806900060D7A /* Release */,
			);
			defaultConfigurationIsVisible = 0;
			defaultConfigurationName = Release;
		};
/* End XCConfigurationList section */
	};
	rootObject = CBC7619D24EB806800060D7A /* Project object */;
}
