// !$*UTF8*$!
{
	archiveVersion = 1;
	classes = {
	};
	objectVersion = 51;
	objects = {

/* Begin PBXBuildFile section */
		19661C3A0118B5B56AA65CAC /* Pods_Daily_Weather.framework in Frameworks */ = {isa = PBXBuildFile; fileRef = D58CD438E4270730B63848EA /* Pods_Daily_Weather.framework */; };
		CB2391AF24EB8F6600406091 /* HomeViewController.swift in Sources */ = {isa = PBXBuildFile; fileRef = CB2391AE24EB8F6600406091 /* HomeViewController.swift */; };
		CB2391B324EB90AA00406091 /* TableViewCell.swift in Sources */ = {isa = PBXBuildFile; fileRef = CB2391B124EB90AA00406091 /* TableViewCell.swift */; };
		CB2391B424EB90AA00406091 /* TableViewCell.xib in Resources */ = {isa = PBXBuildFile; fileRef = CB2391B224EB90AA00406091 /* TableViewCell.xib */; };
		CBC761A924EB806800060D7A /* AppDelegate.swift in Sources */ = {isa = PBXBuildFile; fileRef = CBC761A824EB806800060D7A /* AppDelegate.swift */; };
		CBC761AB24EB806800060D7A /* SceneDelegate.swift in Sources */ = {isa = PBXBuildFile; fileRef = CBC761AA24EB806800060D7A /* SceneDelegate.swift */; };
		CBC761B024EB806800060D7A /* Main.storyboard in Resources */ = {isa = PBXBuildFile; fileRef = CBC761AE24EB806800060D7A /* Main.storyboard */; };
		CBC761B224EB806900060D7A /* Assets.xcassets in Resources */ = {isa = PBXBuildFile; fileRef = CBC761B124EB806900060D7A /* Assets.xcassets */; };
		CBC761B524EB806900060D7A /* LaunchScreen.storyboard in Resources */ = {isa = PBXBuildFile; fileRef = CBC761B324EB806900060D7A /* LaunchScreen.storyboard */; };
		CBC761DE24EB8B8700060D7A /* Hourly.swift in Sources */ = {isa = PBXBuildFile; fileRef = CBC761D724EB8B8700060D7A /* Hourly.swift */; };
		CBC761DF24EB8B8700060D7A /* DataWeather.swift in Sources */ = {isa = PBXBuildFile; fileRef = CBC761D824EB8B8700060D7A /* DataWeather.swift */; };
		CBC761E024EB8B8700060D7A /* Weather.swift in Sources */ = {isa = PBXBuildFile; fileRef = CBC761D924EB8B8700060D7A /* Weather.swift */; };
		CBC761E124EB8B8700060D7A /* Current.swift in Sources */ = {isa = PBXBuildFile; fileRef = CBC761DA24EB8B8700060D7A /* Current.swift */; };
		CBC761E224EB8B8700060D7A /* Daily.swift in Sources */ = {isa = PBXBuildFile; fileRef = CBC761DB24EB8B8700060D7A /* Daily.swift */; };
		CBC761E324EB8B8700060D7A /* Temperature.swift in Sources */ = {isa = PBXBuildFile; fileRef = CBC761DC24EB8B8700060D7A /* Temperature.swift */; };
		CBC761E424EB8B8700060D7A /* FeelsLike.swift in Sources */ = {isa = PBXBuildFile; fileRef = CBC761DD24EB8B8700060D7A /* FeelsLike.swift */; };
		CBC761E624EB8B9700060D7A /* Home.storyboard in Resources */ = {isa = PBXBuildFile; fileRef = CBC761E524EB8B9700060D7A /* Home.storyboard */; };
/* End PBXBuildFile section */

/* Begin PBXFileReference section */
		CB2391AE24EB8F6600406091 /* HomeViewController.swift */ = {isa = PBXFileReference; fileEncoding = 4; lastKnownFileType = sourcecode.swift; path = HomeViewController.swift; sourceTree = "<group>"; };
		CB2391B124EB90AA00406091 /* TableViewCell.swift */ = {isa = PBXFileReference; lastKnownFileType = sourcecode.swift; path = TableViewCell.swift; sourceTree = "<group>"; };
		CB2391B224EB90AA00406091 /* TableViewCell.xib */ = {isa = PBXFileReference; lastKnownFileType = file.xib; path = TableViewCell.xib; sourceTree = "<group>"; };
		CBC761A524EB806800060D7A /* Daily-Weather.app */ = {isa = PBXFileReference; explicitFileType = wrapper.application; includeInIndex = 0; path = "Daily-Weather.app"; sourceTree = BUILT_PRODUCTS_DIR; };
		CBC761A824EB806800060D7A /* AppDelegate.swift */ = {isa = PBXFileReference; lastKnownFileType = sourcecode.swift; path = AppDelegate.swift; sourceTree = "<group>"; };
		CBC761AA24EB806800060D7A /* SceneDelegate.swift */ = {isa = PBXFileReference; lastKnownFileType = sourcecode.swift; path = SceneDelegate.swift; sourceTree = "<group>"; };
		CBC761AF24EB806800060D7A /* Base */ = {isa = PBXFileReference; lastKnownFileType = file.storyboard; name = Base; path = Base.lproj/Main.storyboard; sourceTree = "<group>"; };
		CBC761B124EB806900060D7A /* Assets.xcassets */ = {isa = PBXFileReference; lastKnownFileType = folder.assetcatalog; path = Assets.xcassets; sourceTree = "<group>"; };
		CBC761B424EB806900060D7A /* Base */ = {isa = PBXFileReference; lastKnownFileType = file.storyboard; name = Base; path = Base.lproj/LaunchScreen.storyboard; sourceTree = "<group>"; };
		CBC761B624EB806900060D7A /* Info.plist */ = {isa = PBXFileReference; lastKnownFileType = text.plist.xml; path = Info.plist; sourceTree = "<group>"; };
		CBC761D724EB8B8700060D7A /* Hourly.swift */ = {isa = PBXFileReference; fileEncoding = 4; lastKnownFileType = sourcecode.swift; name = Hourly.swift; path = "../../../Daily-Weather-demo/Daily Weather/Models/Hourly.swift"; sourceTree = "<group>"; };
		CBC761D824EB8B8700060D7A /* DataWeather.swift */ = {isa = PBXFileReference; fileEncoding = 4; lastKnownFileType = sourcecode.swift; name = DataWeather.swift; path = "../../../Daily-Weather-demo/Daily Weather/Models/DataWeather.swift"; sourceTree = "<group>"; };
		CBC761D924EB8B8700060D7A /* Weather.swift */ = {isa = PBXFileReference; fileEncoding = 4; lastKnownFileType = sourcecode.swift; name = Weather.swift; path = "../../../Daily-Weather-demo/Daily Weather/Models/Weather.swift"; sourceTree = "<group>"; };
		CBC761DA24EB8B8700060D7A /* Current.swift */ = {isa = PBXFileReference; fileEncoding = 4; lastKnownFileType = sourcecode.swift; name = Current.swift; path = "../../../Daily-Weather-demo/Daily Weather/Models/Current.swift"; sourceTree = "<group>"; };
		CBC761DB24EB8B8700060D7A /* Daily.swift */ = {isa = PBXFileReference; fileEncoding = 4; lastKnownFileType = sourcecode.swift; name = Daily.swift; path = "../../../Daily-Weather-demo/Daily Weather/Models/Daily.swift"; sourceTree = "<group>"; };
		CBC761DC24EB8B8700060D7A /* Temperature.swift */ = {isa = PBXFileReference; fileEncoding = 4; lastKnownFileType = sourcecode.swift; name = Temperature.swift; path = "../../../Daily-Weather-demo/Daily Weather/Models/Temperature.swift"; sourceTree = "<group>"; };
		CBC761DD24EB8B8700060D7A /* FeelsLike.swift */ = {isa = PBXFileReference; fileEncoding = 4; lastKnownFileType = sourcecode.swift; name = FeelsLike.swift; path = "../../../Daily-Weather-demo/Daily Weather/Models/FeelsLike.swift"; sourceTree = "<group>"; };
		CBC761E524EB8B9700060D7A /* Home.storyboard */ = {isa = PBXFileReference; fileEncoding = 4; lastKnownFileType = file.storyboard; path = Home.storyboard; sourceTree = "<group>"; };
		D58CD438E4270730B63848EA /* Pods_Daily_Weather.framework */ = {isa = PBXFileReference; explicitFileType = wrapper.framework; includeInIndex = 0; path = Pods_Daily_Weather.framework; sourceTree = BUILT_PRODUCTS_DIR; };
		E467AA2B61441579AD5256DD /* Pods-Daily-Weather.release.xcconfig */ = {isa = PBXFileReference; includeInIndex = 1; lastKnownFileType = text.xcconfig; name = "Pods-Daily-Weather.release.xcconfig"; path = "Target Support Files/Pods-Daily-Weather/Pods-Daily-Weather.release.xcconfig"; sourceTree = "<group>"; };
		F9C5F8B201918F2DEFDFF039 /* Pods-Daily-Weather.debug.xcconfig */ = {isa = PBXFileReference; includeInIndex = 1; lastKnownFileType = text.xcconfig; name = "Pods-Daily-Weather.debug.xcconfig"; path = "Target Support Files/Pods-Daily-Weather/Pods-Daily-Weather.debug.xcconfig"; sourceTree = "<group>"; };
/* End PBXFileReference section */

/* Begin PBXFrameworksBuildPhase section */
		CBC761A224EB806800060D7A /* Frameworks */ = {
			isa = PBXFrameworksBuildPhase;
			buildActionMask = 2147483647;
			files = (
				19661C3A0118B5B56AA65CAC /* Pods_Daily_Weather.framework in Frameworks */,
			);
			runOnlyForDeploymentPostprocessing = 0;
		};
/* End PBXFrameworksBuildPhase section */

/* Begin PBXGroup section */
		28B76171C842E92FB097F565 /* Pods */ = {
			isa = PBXGroup;
			children = (
				F9C5F8B201918F2DEFDFF039 /* Pods-Daily-Weather.debug.xcconfig */,
				E467AA2B61441579AD5256DD /* Pods-Daily-Weather.release.xcconfig */,
			);
			path = Pods;
			sourceTree = "<group>";
		};
		C3909D244A1D290BD3D0B978 /* Frameworks */ = {
			isa = PBXGroup;
			children = (
				D58CD438E4270730B63848EA /* Pods_Daily_Weather.framework */,
			);
			name = Frameworks;
			sourceTree = "<group>";
		};
		CB2391B024EB909400406091 /* TableViewCell */ = {
			isa = PBXGroup;
			children = (
				CB2391B124EB90AA00406091 /* TableViewCell.swift */,
				CB2391B224EB90AA00406091 /* TableViewCell.xib */,
			);
			path = TableViewCell;
			sourceTree = "<group>";
		};
		CBC7619C24EB806800060D7A = {
			isa = PBXGroup;
			children = (
				CBC761A724EB806800060D7A /* Daily-Weather */,
				CBC761A624EB806800060D7A /* Products */,
				28B76171C842E92FB097F565 /* Pods */,
				C3909D244A1D290BD3D0B978 /* Frameworks */,
			);
			sourceTree = "<group>";
		};
		CBC761A624EB806800060D7A /* Products */ = {
			isa = PBXGroup;
			children = (
				CBC761A524EB806800060D7A /* Daily-Weather.app */,
			);
			name = Products;
			sourceTree = "<group>";
		};
		CBC761A724EB806800060D7A /* Daily-Weather */ = {
			isa = PBXGroup;
			children = (
				CBC761C524EB810900060D7A /* Services */,
				CBC761C224EB80DC00060D7A /* Scenes */,
				CBC761C124EB80CC00060D7A /* Models */,
				CBC761C024EB80C400060D7A /* Controller */,
				CBC761BF24EB80B900060D7A /* Utils */,
				CBC761BD24EB809F00060D7A /* Extentions */,
				CBC761A824EB806800060D7A /* AppDelegate.swift */,
				CBC761AA24EB806800060D7A /* SceneDelegate.swift */,
				CBC761AE24EB806800060D7A /* Main.storyboard */,
				CBC761B124EB806900060D7A /* Assets.xcassets */,
				CBC761B324EB806900060D7A /* LaunchScreen.storyboard */,
				CBC761B624EB806900060D7A /* Info.plist */,
			);
			path = "Daily-Weather";
			sourceTree = "<group>";
		};
		CBC761BD24EB809F00060D7A /* Extentions */ = {
			isa = PBXGroup;
			children = (
			);
			path = Extentions;
			sourceTree = "<group>";
		};
		CBC761BF24EB80B900060D7A /* Utils */ = {
			isa = PBXGroup;
			children = (
			);
			path = Utils;
			sourceTree = "<group>";
		};
		CBC761C024EB80C400060D7A /* Controller */ = {
			isa = PBXGroup;
			children = (
				CB2391AE24EB8F6600406091 /* HomeViewController.swift */,
			);
			path = Controller;
			sourceTree = "<group>";
		};
		CBC761C124EB80CC00060D7A /* Models */ = {
			isa = PBXGroup;
			children = (
				CBC761D824EB8B8700060D7A /* DataWeather.swift */,
				CBC761D924EB8B8700060D7A /* Weather.swift */,
				CBC761DA24EB8B8700060D7A /* Current.swift */,
				CBC761D724EB8B8700060D7A /* Hourly.swift */,
				CBC761DB24EB8B8700060D7A /* Daily.swift */,
				CBC761DD24EB8B8700060D7A /* FeelsLike.swift */,
				CBC761DC24EB8B8700060D7A /* Temperature.swift */,
			);
			path = Models;
			sourceTree = "<group>";
		};
		CBC761C224EB80DC00060D7A /* Scenes */ = {
			isa = PBXGroup;
			children = (
				CBC761C424EB80F600060D7A /* MainScreen */,
				CBC761C324EB80ED00060D7A /* Storyboards */,
			);
			path = Scenes;
			sourceTree = "<group>";
		};
		CBC761C324EB80ED00060D7A /* Storyboards */ = {
			isa = PBXGroup;
			children = (
				CBC761E524EB8B9700060D7A /* Home.storyboard */,
			);
			path = Storyboards;
			sourceTree = "<group>";
		};
		CBC761C424EB80F600060D7A /* MainScreen */ = {
			isa = PBXGroup;
			children = (
				CB2391B024EB909400406091 /* TableViewCell */,
			);
			path = MainScreen;
			sourceTree = "<group>";
		};
		CBC761C524EB810900060D7A /* Services */ = {
			isa = PBXGroup;
			children = (
				CBC761C824EB812A00060D7A /* Repostitories */,
				CBC761C724EB812100060D7A /* Remote */,
				CBC761C624EB811300060D7A /* Local */,
			);
			path = Services;
			sourceTree = "<group>";
		};
		CBC761C624EB811300060D7A /* Local */ = {
			isa = PBXGroup;
			children = (
			);
			path = Local;
			sourceTree = "<group>";
		};
		CBC761C724EB812100060D7A /* Remote */ = {
			isa = PBXGroup;
			children = (
			);
			path = Remote;
			sourceTree = "<group>";
		};
		CBC761C824EB812A00060D7A /* Repostitories */ = {
			isa = PBXGroup;
			children = (
			);
			path = Repostitories;
			sourceTree = "<group>";
		};
/* End PBXGroup section */

/* Begin PBXNativeTarget section */
		CBC761A424EB806800060D7A /* Daily-Weather */ = {
			isa = PBXNativeTarget;
			buildConfigurationList = CBC761B924EB806900060D7A /* Build configuration list for PBXNativeTarget "Daily-Weather" */;
			buildPhases = (
				8E88551C2CB907A6E82B249A /* [CP] Check Pods Manifest.lock */,
				CBC761A124EB806800060D7A /* Sources */,
				CBC761A224EB806800060D7A /* Frameworks */,
				CBC761A324EB806800060D7A /* Resources */,
				C8EAF8E332572DEAA5CCA063 /* [CP] Embed Pods Frameworks */,
			);
			buildRules = (
			);
			dependencies = (
			);
			name = "Daily-Weather";
			productName = "Daily-Weather";
			productReference = CBC761A524EB806800060D7A /* Daily-Weather.app */;
			productType = "com.apple.product-type.application";
		};
/* End PBXNativeTarget section */

/* Begin PBXProject section */
		CBC7619D24EB806800060D7A /* Project object */ = {
			isa = PBXProject;
			attributes = {
				LastSwiftUpdateCheck = 1100;
				LastUpgradeCheck = 1100;
				ORGANIZATIONNAME = "Nguyen Tien Cong";
				TargetAttributes = {
					CBC761A424EB806800060D7A = {
						CreatedOnToolsVersion = 11.0;
					};
				};
			};
			buildConfigurationList = CBC761A024EB806800060D7A /* Build configuration list for PBXProject "Daily-Weather" */;
			compatibilityVersion = "Xcode 9.3";
			developmentRegion = en;
			hasScannedForEncodings = 0;
			knownRegions = (
				en,
				Base,
			);
			mainGroup = CBC7619C24EB806800060D7A;
			productRefGroup = CBC761A624EB806800060D7A /* Products */;
			projectDirPath = "";
			projectRoot = "";
			targets = (
				CBC761A424EB806800060D7A /* Daily-Weather */,
			);
		};
/* End PBXProject section */

/* Begin PBXResourcesBuildPhase section */
		CBC761A324EB806800060D7A /* Resources */ = {
			isa = PBXResourcesBuildPhase;
			buildActionMask = 2147483647;
			files = (
				CBC761B524EB806900060D7A /* LaunchScreen.storyboard in Resources */,
				CB2391B424EB90AA00406091 /* TableViewCell.xib in Resources */,
				CBC761B224EB806900060D7A /* Assets.xcassets in Resources */,
				CBC761B024EB806800060D7A /* Main.storyboard in Resources */,
				CBC761E624EB8B9700060D7A /* Home.storyboard in Resources */,
			);
			runOnlyForDeploymentPostprocessing = 0;
		};
/* End PBXResourcesBuildPhase section */

/* Begin PBXShellScriptBuildPhase section */
		8E88551C2CB907A6E82B249A /* [CP] Check Pods Manifest.lock */ = {
			isa = PBXShellScriptBuildPhase;
			buildActionMask = 2147483647;
			files = (
			);
			inputFileListPaths = (
			);
			inputPaths = (
				"${PODS_PODFILE_DIR_PATH}/Podfile.lock",
				"${PODS_ROOT}/Manifest.lock",
			);
			name = "[CP] Check Pods Manifest.lock";
			outputFileListPaths = (
			);
			outputPaths = (
				"$(DERIVED_FILE_DIR)/Pods-Daily-Weather-checkManifestLockResult.txt",
			);
			runOnlyForDeploymentPostprocessing = 0;
			shellPath = /bin/sh;
			shellScript = "diff \"${PODS_PODFILE_DIR_PATH}/Podfile.lock\" \"${PODS_ROOT}/Manifest.lock\" > /dev/null\nif [ $? != 0 ] ; then\n    # print error to STDERR\n    echo \"error: The sandbox is not in sync with the Podfile.lock. Run 'pod install' or update your CocoaPods installation.\" >&2\n    exit 1\nfi\n# This output is used by Xcode 'outputs' to avoid re-running this script phase.\necho \"SUCCESS\" > \"${SCRIPT_OUTPUT_FILE_0}\"\n";
			showEnvVarsInLog = 0;
		};
		C8EAF8E332572DEAA5CCA063 /* [CP] Embed Pods Frameworks */ = {
			isa = PBXShellScriptBuildPhase;
			buildActionMask = 2147483647;
			files = (
			);
			inputFileListPaths = (
				"${PODS_ROOT}/Target Support Files/Pods-Daily-Weather/Pods-Daily-Weather-frameworks-${CONFIGURATION}-input-files.xcfilelist",
			);
			name = "[CP] Embed Pods Frameworks";
			outputFileListPaths = (
				"${PODS_ROOT}/Target Support Files/Pods-Daily-Weather/Pods-Daily-Weather-frameworks-${CONFIGURATION}-output-files.xcfilelist",
			);
			runOnlyForDeploymentPostprocessing = 0;
			shellPath = /bin/sh;
			shellScript = "\"${PODS_ROOT}/Target Support Files/Pods-Daily-Weather/Pods-Daily-Weather-frameworks.sh\"\n";
			showEnvVarsInLog = 0;
		};
/* End PBXShellScriptBuildPhase section */

/* Begin PBXSourcesBuildPhase section */
		CBC761A124EB806800060D7A /* Sources */ = {
			isa = PBXSourcesBuildPhase;
			buildActionMask = 2147483647;
			files = (
				CBC761DE24EB8B8700060D7A /* Hourly.swift in Sources */,
				CBC761E424EB8B8700060D7A /* FeelsLike.swift in Sources */,
				CBC761DF24EB8B8700060D7A /* DataWeather.swift in Sources */,
				CBC761A924EB806800060D7A /* AppDelegate.swift in Sources */,
				CBC761E024EB8B8700060D7A /* Weather.swift in Sources */,
				CBC761AB24EB806800060D7A /* SceneDelegate.swift in Sources */,
				CB2391AF24EB8F6600406091 /* HomeViewController.swift in Sources */,
				CBC761E324EB8B8700060D7A /* Temperature.swift in Sources */,
				CB2391B324EB90AA00406091 /* TableViewCell.swift in Sources */,
				CBC761E224EB8B8700060D7A /* Daily.swift in Sources */,
				CBC761E124EB8B8700060D7A /* Current.swift in Sources */,
			);
			runOnlyForDeploymentPostprocessing = 0;
		};
/* End PBXSourcesBuildPhase section */

/* Begin PBXVariantGroup section */
		CBC761AE24EB806800060D7A /* Main.storyboard */ = {
			isa = PBXVariantGroup;
			children = (
				CBC761AF24EB806800060D7A /* Base */,
			);
			name = Main.storyboard;
			sourceTree = "<group>";
		};
		CBC761B324EB806900060D7A /* LaunchScreen.storyboard */ = {
			isa = PBXVariantGroup;
			children = (
				CBC761B424EB806900060D7A /* Base */,
			);
			name = LaunchScreen.storyboard;
			sourceTree = "<group>";
		};
/* End PBXVariantGroup section */

/* Begin XCBuildConfiguration section */
		CBC761B724EB806900060D7A /* Debug */ = {
			isa = XCBuildConfiguration;
			buildSettings = {
				ALWAYS_SEARCH_USER_PATHS = NO;
				CLANG_ANALYZER_NONNULL = YES;
				CLANG_ANALYZER_NUMBER_OBJECT_CONVERSION = YES_AGGRESSIVE;
				CLANG_CXX_LANGUAGE_STANDARD = "gnu++14";
				CLANG_CXX_LIBRARY = "libc++";
				CLANG_ENABLE_MODULES = YES;
				CLANG_ENABLE_OBJC_ARC = YES;
				CLANG_ENABLE_OBJC_WEAK = YES;
				CLANG_WARN_BLOCK_CAPTURE_AUTORELEASING = YES;
				CLANG_WARN_BOOL_CONVERSION = YES;
				CLANG_WARN_COMMA = YES;
				CLANG_WARN_CONSTANT_CONVERSION = YES;
				CLANG_WARN_DEPRECATED_OBJC_IMPLEMENTATIONS = YES;
				CLANG_WARN_DIRECT_OBJC_ISA_USAGE = YES_ERROR;
				CLANG_WARN_DOCUMENTATION_COMMENTS = YES;
				CLANG_WARN_EMPTY_BODY = YES;
				CLANG_WARN_ENUM_CONVERSION = YES;
				CLANG_WARN_INFINITE_RECURSION = YES;
				CLANG_WARN_INT_CONVERSION = YES;
				CLANG_WARN_NON_LITERAL_NULL_CONVERSION = YES;
				CLANG_WARN_OBJC_IMPLICIT_RETAIN_SELF = YES;
				CLANG_WARN_OBJC_LITERAL_CONVERSION = YES;
				CLANG_WARN_OBJC_ROOT_CLASS = YES_ERROR;
				CLANG_WARN_RANGE_LOOP_ANALYSIS = YES;
				CLANG_WARN_STRICT_PROTOTYPES = YES;
				CLANG_WARN_SUSPICIOUS_MOVE = YES;
				CLANG_WARN_UNGUARDED_AVAILABILITY = YES_AGGRESSIVE;
				CLANG_WARN_UNREACHABLE_CODE = YES;
				CLANG_WARN__DUPLICATE_METHOD_MATCH = YES;
				COPY_PHASE_STRIP = NO;
				DEBUG_INFORMATION_FORMAT = dwarf;
				ENABLE_STRICT_OBJC_MSGSEND = YES;
				ENABLE_TESTABILITY = YES;
				GCC_C_LANGUAGE_STANDARD = gnu11;
				GCC_DYNAMIC_NO_PIC = NO;
				GCC_NO_COMMON_BLOCKS = YES;
				GCC_OPTIMIZATION_LEVEL = 0;
				GCC_PREPROCESSOR_DEFINITIONS = (
					"DEBUG=1",
					"$(inherited)",
				);
				GCC_WARN_64_TO_32_BIT_CONVERSION = YES;
				GCC_WARN_ABOUT_RETURN_TYPE = YES_ERROR;
				GCC_WARN_UNDECLARED_SELECTOR = YES;
				GCC_WARN_UNINITIALIZED_AUTOS = YES_AGGRESSIVE;
				GCC_WARN_UNUSED_FUNCTION = YES;
				GCC_WARN_UNUSED_VARIABLE = YES;
				IPHONEOS_DEPLOYMENT_TARGET = 13.0;
				MTL_ENABLE_DEBUG_INFO = INCLUDE_SOURCE;
				MTL_FAST_MATH = YES;
				ONLY_ACTIVE_ARCH = YES;
				SDKROOT = iphoneos;
				SWIFT_ACTIVE_COMPILATION_CONDITIONS = DEBUG;
				SWIFT_OPTIMIZATION_LEVEL = "-Onone";
			};
			name = Debug;
		};
		CBC761B824EB806900060D7A /* Release */ = {
			isa = XCBuildConfiguration;
			buildSettings = {
				ALWAYS_SEARCH_USER_PATHS = NO;
				CLANG_ANALYZER_NONNULL = YES;
				CLANG_ANALYZER_NUMBER_OBJECT_CONVERSION = YES_AGGRESSIVE;
				CLANG_CXX_LANGUAGE_STANDARD = "gnu++14";
				CLANG_CXX_LIBRARY = "libc++";
				CLANG_ENABLE_MODULES = YES;
				CLANG_ENABLE_OBJC_ARC = YES;
				CLANG_ENABLE_OBJC_WEAK = YES;
				CLANG_WARN_BLOCK_CAPTURE_AUTORELEASING = YES;
				CLANG_WARN_BOOL_CONVERSION = YES;
				CLANG_WARN_COMMA = YES;
				CLANG_WARN_CONSTANT_CONVERSION = YES;
				CLANG_WARN_DEPRECATED_OBJC_IMPLEMENTATIONS = YES;
				CLANG_WARN_DIRECT_OBJC_ISA_USAGE = YES_ERROR;
				CLANG_WARN_DOCUMENTATION_COMMENTS = YES;
				CLANG_WARN_EMPTY_BODY = YES;
				CLANG_WARN_ENUM_CONVERSION = YES;
				CLANG_WARN_INFINITE_RECURSION = YES;
				CLANG_WARN_INT_CONVERSION = YES;
				CLANG_WARN_NON_LITERAL_NULL_CONVERSION = YES;
				CLANG_WARN_OBJC_IMPLICIT_RETAIN_SELF = YES;
				CLANG_WARN_OBJC_LITERAL_CONVERSION = YES;
				CLANG_WARN_OBJC_ROOT_CLASS = YES_ERROR;
				CLANG_WARN_RANGE_LOOP_ANALYSIS = YES;
				CLANG_WARN_STRICT_PROTOTYPES = YES;
				CLANG_WARN_SUSPICIOUS_MOVE = YES;
				CLANG_WARN_UNGUARDED_AVAILABILITY = YES_AGGRESSIVE;
				CLANG_WARN_UNREACHABLE_CODE = YES;
				CLANG_WARN__DUPLICATE_METHOD_MATCH = YES;
				COPY_PHASE_STRIP = NO;
				DEBUG_INFORMATION_FORMAT = "dwarf-with-dsym";
				ENABLE_NS_ASSERTIONS = NO;
				ENABLE_STRICT_OBJC_MSGSEND = YES;
				GCC_C_LANGUAGE_STANDARD = gnu11;
				GCC_NO_COMMON_BLOCKS = YES;
				GCC_WARN_64_TO_32_BIT_CONVERSION = YES;
				GCC_WARN_ABOUT_RETURN_TYPE = YES_ERROR;
				GCC_WARN_UNDECLARED_SELECTOR = YES;
				GCC_WARN_UNINITIALIZED_AUTOS = YES_AGGRESSIVE;
				GCC_WARN_UNUSED_FUNCTION = YES;
				GCC_WARN_UNUSED_VARIABLE = YES;
				IPHONEOS_DEPLOYMENT_TARGET = 13.0;
				MTL_ENABLE_DEBUG_INFO = NO;
				MTL_FAST_MATH = YES;
				SDKROOT = iphoneos;
				SWIFT_COMPILATION_MODE = wholemodule;
				SWIFT_OPTIMIZATION_LEVEL = "-O";
				VALIDATE_PRODUCT = YES;
			};
			name = Release;
		};
		CBC761BA24EB806900060D7A /* Debug */ = {
			isa = XCBuildConfiguration;
			baseConfigurationReference = F9C5F8B201918F2DEFDFF039 /* Pods-Daily-Weather.debug.xcconfig */;
			buildSettings = {
				ASSETCATALOG_COMPILER_APPICON_NAME = AppIcon;
				CODE_SIGN_STYLE = Automatic;
				DEVELOPMENT_TEAM = ZJGK3YDS39;
				INFOPLIST_FILE = "Daily-Weather/Info.plist";
				LD_RUNPATH_SEARCH_PATHS = (
					"$(inherited)",
					"@executable_path/Frameworks",
				);
				PRODUCT_BUNDLE_IDENTIFIER = "com.tiencongnguyen.Daily-Weather";
				PRODUCT_NAME = "$(TARGET_NAME)";
				SWIFT_VERSION = 5.0;
				TARGETED_DEVICE_FAMILY = "1,2";
			};
			name = Debug;
		};
		CBC761BB24EB806900060D7A /* Release */ = {
			isa = XCBuildConfiguration;
			baseConfigurationReference = E467AA2B61441579AD5256DD /* Pods-Daily-Weather.release.xcconfig */;
			buildSettings = {
				ASSETCATALOG_COMPILER_APPICON_NAME = AppIcon;
				CODE_SIGN_STYLE = Automatic;
				DEVELOPMENT_TEAM = ZJGK3YDS39;
				INFOPLIST_FILE = "Daily-Weather/Info.plist";
				LD_RUNPATH_SEARCH_PATHS = (
					"$(inherited)",
					"@executable_path/Frameworks",
				);
				PRODUCT_BUNDLE_IDENTIFIER = "com.tiencongnguyen.Daily-Weather";
				PRODUCT_NAME = "$(TARGET_NAME)";
				SWIFT_VERSION = 5.0;
				TARGETED_DEVICE_FAMILY = "1,2";
			};
			name = Release;
		};
/* End XCBuildConfiguration section */

/* Begin XCConfigurationList section */
		CBC761A024EB806800060D7A /* Build configuration list for PBXProject "Daily-Weather" */ = {
			isa = XCConfigurationList;
			buildConfigurations = (
				CBC761B724EB806900060D7A /* Debug */,
				CBC761B824EB806900060D7A /* Release */,
			);
			defaultConfigurationIsVisible = 0;
			defaultConfigurationName = Release;
		};
		CBC761B924EB806900060D7A /* Build configuration list for PBXNativeTarget "Daily-Weather" */ = {
			isa = XCConfigurationList;
			buildConfigurations = (
				CBC761BA24EB806900060D7A /* Debug */,
				CBC761BB24EB806900060D7A /* Release */,
			);
			defaultConfigurationIsVisible = 0;
			defaultConfigurationName = Release;
		};
/* End XCConfigurationList section */
	};
	rootObject = CBC7619D24EB806800060D7A /* Project object */;
}
